# THIS IS AN AUTOGENERATED FILE. DO NOT EDIT THIS FILE DIRECTLY.
# yarn lockfile v1


"@anthropic-ai/claude-code@^1.0.58":
  version "1.0.58"
  resolved "https://registry.yarnpkg.com/@anthropic-ai/claude-code/-/claude-code-1.0.58.tgz#acd357cab3b1444bf07e1b9d471fcfc900ee711c"
  integrity sha512-XcfqklHSCuBRpVV9vZaAGvdJFAyVKb/UHz2VG9osvn1pRqY7e+HhIOU9X7LeI+c116QhmjglGwe+qz4jOC83CQ==
  optionalDependencies:
    "@img/sharp-darwin-arm64" "^0.33.5"
    "@img/sharp-darwin-x64" "^0.33.5"
    "@img/sharp-linux-arm" "^0.33.5"
    "@img/sharp-linux-arm64" "^0.33.5"
    "@img/sharp-linux-x64" "^0.33.5"
    "@img/sharp-win32-x64" "^0.33.5"

"@img/sharp-darwin-arm64@^0.33.5":
  version "0.33.5"
  resolved "https://registry.yarnpkg.com/@img/sharp-darwin-arm64/-/sharp-darwin-arm64-0.33.5.tgz#ef5b5a07862805f1e8145a377c8ba6e98813ca08"
  integrity sha512-UT4p+iz/2H4twwAoLCqfA9UH5pI6DggwKEGuaPy7nCVQ8ZsiY5PIcrRvD1DzuY3qYL07NtIQcWnBSY/heikIFQ==
  optionalDependencies:
    "@img/sharp-libvips-darwin-arm64" "1.0.4"

"@img/sharp-darwin-x64@^0.33.5":
  version "0.33.5"
  resolved "https://registry.yarnpkg.com/@img/sharp-darwin-x64/-/sharp-darwin-x64-0.33.5.tgz#e03d3451cd9e664faa72948cc70a403ea4063d61"
  integrity sha512-fyHac4jIc1ANYGRDxtiqelIbdWkIuQaI84Mv45KvGRRxSAa7o7d1ZKAOBaYbnepLC1WqxfpimdeWfvqqSGwR2Q==
  optionalDependencies:
    "@img/sharp-libvips-darwin-x64" "1.0.4"

"@img/sharp-libvips-darwin-arm64@1.0.4":
  version "1.0.4"
  resolved "https://registry.yarnpkg.com/@img/sharp-libvips-darwin-arm64/-/sharp-libvips-darwin-arm64-1.0.4.tgz#447c5026700c01a993c7804eb8af5f6e9868c07f"
  integrity sha512-XblONe153h0O2zuFfTAbQYAX2JhYmDHeWikp1LM9Hul9gVPjFY427k6dFEcOL72O01QxQsWi761svJ/ev9xEDg==

"@img/sharp-libvips-darwin-x64@1.0.4":
  version "1.0.4"
  resolved "https://registry.yarnpkg.com/@img/sharp-libvips-darwin-x64/-/sharp-libvips-darwin-x64-1.0.4.tgz#e0456f8f7c623f9dbfbdc77383caa72281d86062"
  integrity sha512-xnGR8YuZYfJGmWPvmlunFaWJsb9T/AO2ykoP3Fz/0X5XV2aoYBPkX6xqCQvUTKKiLddarLaxpzNe+b1hjeWHAQ==

"@img/sharp-libvips-linux-arm64@1.0.4":
  version "1.0.4"
  resolved "https://registry.yarnpkg.com/@img/sharp-libvips-linux-arm64/-/sharp-libvips-linux-arm64-1.0.4.tgz#979b1c66c9a91f7ff2893556ef267f90ebe51704"
  integrity sha512-9B+taZ8DlyyqzZQnoeIvDVR/2F4EbMepXMc/NdVbkzsJbzkUjhXv/70GQJ7tdLA4YJgNP25zukcxpX2/SueNrA==

"@img/sharp-libvips-linux-arm@1.0.5":
  version "1.0.5"
  resolved "https://registry.yarnpkg.com/@img/sharp-libvips-linux-arm/-/sharp-libvips-linux-arm-1.0.5.tgz#99f922d4e15216ec205dcb6891b721bfd2884197"
  integrity sha512-gvcC4ACAOPRNATg/ov8/MnbxFDJqf/pDePbBnuBDcjsI8PssmjoKMAz4LtLaVi+OnSb5FK/yIOamqDwGmXW32g==

"@img/sharp-libvips-linux-x64@1.0.4":
  version "1.0.4"
  resolved "https://registry.yarnpkg.com/@img/sharp-libvips-linux-x64/-/sharp-libvips-linux-x64-1.0.4.tgz#d4c4619cdd157774906e15770ee119931c7ef5e0"
  integrity sha512-MmWmQ3iPFZr0Iev+BAgVMb3ZyC4KeFc3jFxnNbEPas60e1cIfevbtuyf9nDGIzOaW9PdnDciJm+wFFaTlj5xYw==

"@img/sharp-linux-arm64@^0.33.5":
  version "0.33.5"
  resolved "https://registry.yarnpkg.com/@img/sharp-linux-arm64/-/sharp-linux-arm64-0.33.5.tgz#edb0697e7a8279c9fc829a60fc35644c4839bb22"
  integrity sha512-JMVv+AMRyGOHtO1RFBiJy/MBsgz0x4AWrT6QoEVVTyh1E39TrCUpTRI7mx9VksGX4awWASxqCYLCV4wBZHAYxA==
  optionalDependencies:
    "@img/sharp-libvips-linux-arm64" "1.0.4"

"@img/sharp-linux-arm@^0.33.5":
  version "0.33.5"
  resolved "https://registry.yarnpkg.com/@img/sharp-linux-arm/-/sharp-linux-arm-0.33.5.tgz#422c1a352e7b5832842577dc51602bcd5b6f5eff"
  integrity sha512-JTS1eldqZbJxjvKaAkxhZmBqPRGmxgu+qFKSInv8moZ2AmT5Yib3EQ1c6gp493HvrvV8QgdOXdyaIBrhvFhBMQ==
  optionalDependencies:
    "@img/sharp-libvips-linux-arm" "1.0.5"

"@img/sharp-linux-x64@^0.33.5":
  version "0.33.5"
  resolved "https://registry.yarnpkg.com/@img/sharp-linux-x64/-/sharp-linux-x64-0.33.5.tgz#d806e0afd71ae6775cc87f0da8f2d03a7c2209cb"
  integrity sha512-opC+Ok5pRNAzuvq1AG0ar+1owsu842/Ab+4qvU879ippJBHvyY5n2mxF1izXqkPYlGuP/M556uh53jRLJmzTWA==
  optionalDependencies:
    "@img/sharp-libvips-linux-x64" "1.0.4"

"@img/sharp-win32-x64@^0.33.5":
  version "0.33.5"
  resolved "https://registry.yarnpkg.com/@img/sharp-win32-x64/-/sharp-win32-x64-0.33.5.tgz#56f00962ff0c4e0eb93d34a047d29fa995e3e342"
  integrity sha512-MpY/o8/8kj+EcnxwvrP4aTJSWw/aZ7JIGR4aBeZkZw5B7/Jn+tY9/VNwtcoGmdT7GfggGIU4kygOMSbYnOrAbg==

dom-walk@^0.1.0:
  version "0.1.2"
  resolved "https://registry.yarnpkg.com/dom-walk/-/dom-walk-0.1.2.tgz#0c548bef048f4d1f2a97249002236060daa3fd84"
  integrity sha512-6QvTW9mrGeIegrFXdtQi9pk7O/nSK6lSdXW2eqUspN5LWD7UTji2Fqw5V2YLjBpHEoU9Xl/eUWNpDeZvoyOv2w==

global@^4.4.0:
  version "4.4.0"
  resolved "https://registry.yarnpkg.com/global/-/global-4.4.0.tgz#3e7b105179006a323ed71aafca3e9c57a5cc6406"
  integrity sha512-wv/LAoHdRE3BeTGz53FAamhGlPLhlssK45usmGFThIi4XqnBmjKQ16u+RNbP7WvigRZDxUsM0J3gcQ5yicaL0w==
  dependencies:
    min-document "^2.19.0"
    process "^0.11.10"

min-document@^2.19.0:
  version "2.19.0"
  resolved "https://registry.yarnpkg.com/min-document/-/min-document-2.19.0.tgz#7bd282e3f5842ed295bb748cdd9f1ffa2c824685"
  integrity sha512-9Wy1B3m3f66bPPmU5hdA4DR4PB2OfDU/+GS3yAB7IQozE3tqXaVv2zOjgla7MEGSRv95+ILmOuvhLkOK6wJtCQ==
  dependencies:
    dom-walk "^0.1.0"

process@^0.11.10:
  version "0.11.10"
  resolved "https://registry.yarnpkg.com/process/-/process-0.11.10.tgz#7332300e840161bda3e69a1d1d91a7d4bc16f182"
  integrity sha512-cdGef/drWFoydD1JsMzuFf8100nZl+GT+yacc2bEced5f9Rjk4z+WtFUTBu9PhOi9j/jfmBPu0mMEY4wIdAF8A==

turbo-darwin-64@2.5.5:
  version "2.5.5"
  resolved "https://registry.yarnpkg.com/turbo-darwin-64/-/turbo-darwin-64-2.5.5.tgz#96a9f4f0acd61e48685c5be1765fa3a0c9be120d"
  integrity sha512-RYnTz49u4F5tDD2SUwwtlynABNBAfbyT2uU/brJcyh5k6lDLyNfYKdKmqd3K2ls4AaiALWrFKVSBsiVwhdFNzQ==

turbo-darwin-arm64@2.5.5:
  version "2.5.5"
  resolved "https://registry.yarnpkg.com/turbo-darwin-arm64/-/turbo-darwin-arm64-2.5.5.tgz#2d8e47e1b04d2cb339455adb64fb52c94e587a44"
  integrity sha512-Tk+ZeSNdBobZiMw9aFypQt0DlLsWSFWu1ymqsAdJLuPoAH05qCfYtRxE1pJuYHcJB5pqI+/HOxtJoQ40726Btw==

turbo-linux-64@2.5.5:
  version "2.5.5"
  resolved "https://registry.yarnpkg.com/turbo-linux-64/-/turbo-linux-64-2.5.5.tgz#3f8512243d9fa0927d677235d720c07540bf66e8"
  integrity sha512-2/XvMGykD7VgsvWesZZYIIVXMlgBcQy+ZAryjugoTcvJv8TZzSU/B1nShcA7IAjZ0q7OsZ45uP2cOb8EgKT30w==

turbo-linux-arm64@2.5.5:
  version "2.5.5"
  resolved "https://registry.yarnpkg.com/turbo-linux-arm64/-/turbo-linux-arm64-2.5.5.tgz#705dc5fdaed6b2c8cc9cd35bbd154ed16e4a78d3"
  integrity sha512-DW+8CjCjybu0d7TFm9dovTTVg1VRnlkZ1rceO4zqsaLrit3DgHnN4to4uwyuf9s2V/BwS3IYcRy+HG9BL596Iw==

turbo-windows-64@2.5.5:
  version "2.5.5"
  resolved "https://registry.yarnpkg.com/turbo-windows-64/-/turbo-windows-64-2.5.5.tgz#70c7937e59d1a48391c4ed300b28d0e58ea22073"
  integrity sha512-q5p1BOy8ChtSZfULuF1BhFMYIx6bevXu4fJ+TE/hyNfyHJIfjl90Z6jWdqAlyaFLmn99X/uw+7d6T/Y/dr5JwQ==

turbo-windows-arm64@2.5.5:
  version "2.5.5"
  resolved "https://registry.yarnpkg.com/turbo-windows-arm64/-/turbo-windows-arm64-2.5.5.tgz#0ab29d38fcc67ba38652f1cd273df49177cb55b8"
  integrity sha512-AXbF1KmpHUq3PKQwddMGoKMYhHsy5t1YBQO8HZ04HLMR0rWv9adYlQ8kaeQJTko1Ay1anOBFTqaxfVOOsu7+1Q==

turbo@^2.5.5:
  version "2.5.5"
  resolved "https://registry.yarnpkg.com/turbo/-/turbo-2.5.5.tgz#6057f87c1262acdfa30cf16d4cf74629623f36c9"
  integrity sha512-eZ7wI6KjtT1eBqCnh2JPXWNUAxtoxxfi6VdBdZFvil0ychCOTxbm7YLRBi1JSt7U3c+u3CLxpoPxLdvr/Npr3A==
  optionalDependencies:
    turbo-darwin-64 "2.5.5"
    turbo-darwin-arm64 "2.5.5"
    turbo-linux-64 "2.5.5"
    turbo-linux-arm64 "2.5.5"
    turbo-windows-64 "2.5.5"
    turbo-windows-arm64 "2.5.5"
